
Microsoft Visual Studio Solution File, Format Version 12.00
# Visual Studio Version 17
VisualStudioVersion = 17.8.34330.188
MinimumVisualStudioVersion = 10.0.40219.1
Project("{9A19103F-16F7-4668-BE54-9A1E7A4F7556}") = "LibraryWebApi", "LibraryWebApi\LibraryWebApi.csproj", "{EC8C1732-B043-4FEF-8AEB-B7892976BE33}"
EndProject
Project("{9A19103F-16F7-4668-BE54-9A1E7A4F7556}") = "LibraryWebApi.Core", "LibraryWebApi.Core\LibraryWebApi.Core.csproj", "{123E0AB9-0100-4EA4-A548-8350FDFFD321}"
EndProject
Project("{9A19103F-16F7-4668-BE54-9A1E7A4F7556}") = "LibraryWebApi.Common", "LibraryWebApi.Common\LibraryWebApi.Common.csproj", "{E966E150-B712-48DC-98EB-FC8017E7C42B}"
EndProject
Project("{FAE04EC0-301F-11D3-BF4B-00C04F79EFBC}") = "LibraryWebApi.Core.Tests", "LibraryWebApi.Core.Tests\LibraryWebApi.Core.Tests.csproj", "{3C0AFBF8-CECC-4ABD-AD21-9055FE430311}"
EndProject
Global
	GlobalSection(SolutionConfigurationPlatforms) = preSolution
		Debug|Any CPU = Debug|Any CPU
		Release|Any CPU = Release|Any CPU
	EndGlobalSection
	GlobalSection(ProjectConfigurationPlatforms) = postSolution
		{EC8C1732-B043-4FEF-8AEB-B7892976BE33}.Debug|Any CPU.ActiveCfg = Debug|Any CPU
		{EC8C1732-B043-4FEF-8AEB-B7892976BE33}.Debug|Any CPU.Build.0 = Debug|Any CPU
		{EC8C1732-B043-4FEF-8AEB-B7892976BE33}.Release|Any CPU.ActiveCfg = Release|Any CPU
		{EC8C1732-B043-4FEF-8AEB-B7892976BE33}.Release|Any CPU.Build.0 = Release|Any CPU
		{123E0AB9-0100-4EA4-A548-8350FDFFD321}.Debug|Any CPU.ActiveCfg = Debug|Any CPU
		{123E0AB9-0100-4EA4-A548-8350FDFFD321}.Debug|Any CPU.Build.0 = Debug|Any CPU
		{123E0AB9-0100-4EA4-A548-8350FDFFD321}.Release|Any CPU.ActiveCfg = Release|Any CPU
		{123E0AB9-0100-4EA4-A548-8350FDFFD321}.Release|Any CPU.Build.0 = Release|Any CPU
		{E966E150-B712-48DC-98EB-FC8017E7C42B}.Debug|Any CPU.ActiveCfg = Debug|Any CPU
		{E966E150-B712-48DC-98EB-FC8017E7C42B}.Debug|Any CPU.Build.0 = Debug|Any CPU
		{E966E150-B712-48DC-98EB-FC8017E7C42B}.Release|Any CPU.ActiveCfg = Release|Any CPU
		{E966E150-B712-48DC-98EB-FC8017E7C42B}.Release|Any CPU.Build.0 = Release|Any CPU
		{3C0AFBF8-CECC-4ABD-AD21-9055FE430311}.Debug|Any CPU.ActiveCfg = Debug|Any CPU
		{3C0AFBF8-CECC-4ABD-AD21-9055FE430311}.Debug|Any CPU.Build.0 = Debug|Any CPU
		{3C0AFBF8-CECC-4ABD-AD21-9055FE430311}.Release|Any CPU.ActiveCfg = Release|Any CPU
		{3C0AFBF8-CECC-4ABD-AD21-9055FE430311}.Release|Any CPU.Build.0 = Release|Any CPU
	EndGlobalSection
	GlobalSection(SolutionProperties) = preSolution
		HideSolutionNode = FALSE
	EndGlobalSection
	GlobalSection(ExtensibilityGlobals) = postSolution
		SolutionGuid = {722CC135-5C90-4D11-8832-1BC0D5CB9040}
	EndGlobalSection
EndGlobal
